uuid: d5a7fe32-f1ba-4e4c-87a1-6f18247473b2
langcode: en
status: true
dependencies:
  content:
    - 'block_content:basic:ee588b6a-c8dc-476e-be3a-e8c1e075f46d'
  module:
    - block_content
    - system
  theme:
    - beargoyles
id: beargoyles_donatepaypalblock
theme: beargoyles
region: sidebar_second
weight: -9
provider: null
plugin: 'block_content:ee588b6a-c8dc-476e-be3a-e8c1e075f46d'
settings:
  id: 'block_content:ee588b6a-c8dc-476e-be3a-e8c1e075f46d'
  label: 'Donate paypal block'
  label_display: '0'
  provider: block_content
  status: true
  info: ''
  view_mode: default
visibility:
  request_path:
    id: request_path
    negate: false
    pages: "/donate\r\n<front>"
